
Microsoft Visual Studio Solution File, Format Version 12.00
# Visual Studio 15
VisualStudioVersion = 15.0.28307.136
MinimumVisualStudioVersion = 10.0.40219.1
Project("{FAE04EC0-301F-11D3-BF4B-00C04F79EFBC}") = "bur", "bur\bur.csproj", "{E14F12D8-0A42-4CFD-BB60-63C75880ED3B}"
EndProject
Project("{FAE04EC0-301F-11D3-BF4B-00C04F79EFBC}") = "bur.Tests", "bur.Tests\bur.Tests.csproj", "{B663CAE5-77FD-4C72-ACD4-CAE4CC9C74A0}"
EndProject
Global
	GlobalSection(SolutionConfigurationPlatforms) = preSolution
		Debug|Any CPU = Debug|Any CPU
		Release|Any CPU = Release|Any CPU
	EndGlobalSection
	GlobalSection(ProjectConfigurationPlatforms) = postSolution
		{E14F12D8-0A42-4CFD-BB60-63C75880ED3B}.Debug|Any CPU.ActiveCfg = Debug|Any CPU
		{E14F12D8-0A42-4CFD-BB60-63C75880ED3B}.Debug|Any CPU.Build.0 = Debug|Any CPU
		{E14F12D8-0A42-4CFD-BB60-63C75880ED3B}.Release|Any CPU.ActiveCfg = Release|Any CPU
		{E14F12D8-0A42-4CFD-BB60-63C75880ED3B}.Release|Any CPU.Build.0 = Release|Any CPU
		{B663CAE5-77FD-4C72-ACD4-CAE4CC9C74A0}.Debug|Any CPU.ActiveCfg = Debug|Any CPU
		{B663CAE5-77FD-4C72-ACD4-CAE4CC9C74A0}.Debug|Any CPU.Build.0 = Debug|Any CPU
		{B663CAE5-77FD-4C72-ACD4-CAE4CC9C74A0}.Release|Any CPU.ActiveCfg = Release|Any CPU
		{B663CAE5-77FD-4C72-ACD4-CAE4CC9C74A0}.Release|Any CPU.Build.0 = Release|Any CPU
	EndGlobalSection
	GlobalSection(SolutionProperties) = preSolution
		HideSolutionNode = FALSE
	EndGlobalSection
	GlobalSection(ExtensibilityGlobals) = postSolution
		SolutionGuid = {D7CC4BCF-6653-4B6C-8793-422C0C838D91}
	EndGlobalSection
EndGlobal
